
Microsoft Visual Studio Solution File, Format Version 12.00
# Visual Studio Version 17
VisualStudioVersion = 17.9.34622.214
MinimumVisualStudioVersion = 10.0.40219.1
Project("{9A19103F-16F7-4668-BE54-9A1E7A4F7556}") = "ModernMoviesWeb", "ModernMoviesWeb\ModernMoviesWeb.csproj", "{5965B99C-3095-47CD-934E-CB2D2D086F22}"
EndProject
Project("{00D1A9C2-B5F0-4AF3-8072-F6C62B433612}") = "ModernMoviesDB", "ModernMoviesDB\ModernMoviesDB.sqlproj", "{63CC17E3-CEFE-4147-A369-7B4499E8D068}"
EndProject
Project("{FAE04EC0-301F-11D3-BF4B-00C04F79EFBC}") = "ModernMoviesBusiness", "ModernMoviesBusiness\ModernMoviesBusiness.csproj", "{901B8548-FB0A-438B-B2B9-905482CC2B12}"
EndProject
Global
	GlobalSection(SolutionConfigurationPlatforms) = preSolution
		Debug|Any CPU = Debug|Any CPU
		Release|Any CPU = Release|Any CPU
	EndGlobalSection
	GlobalSection(ProjectConfigurationPlatforms) = postSolution
		{5965B99C-3095-47CD-934E-CB2D2D086F22}.Debug|Any CPU.ActiveCfg = Debug|Any CPU
		{5965B99C-3095-47CD-934E-CB2D2D086F22}.Debug|Any CPU.Build.0 = Debug|Any CPU
		{5965B99C-3095-47CD-934E-CB2D2D086F22}.Release|Any CPU.ActiveCfg = Release|Any CPU
		{5965B99C-3095-47CD-934E-CB2D2D086F22}.Release|Any CPU.Build.0 = Release|Any CPU
		{63CC17E3-CEFE-4147-A369-7B4499E8D068}.Debug|Any CPU.ActiveCfg = Debug|Any CPU
		{63CC17E3-CEFE-4147-A369-7B4499E8D068}.Debug|Any CPU.Build.0 = Debug|Any CPU
		{63CC17E3-CEFE-4147-A369-7B4499E8D068}.Debug|Any CPU.Deploy.0 = Debug|Any CPU
		{63CC17E3-CEFE-4147-A369-7B4499E8D068}.Release|Any CPU.ActiveCfg = Release|Any CPU
		{63CC17E3-CEFE-4147-A369-7B4499E8D068}.Release|Any CPU.Build.0 = Release|Any CPU
		{63CC17E3-CEFE-4147-A369-7B4499E8D068}.Release|Any CPU.Deploy.0 = Release|Any CPU
		{901B8548-FB0A-438B-B2B9-905482CC2B12}.Debug|Any CPU.ActiveCfg = Debug|Any CPU
		{901B8548-FB0A-438B-B2B9-905482CC2B12}.Debug|Any CPU.Build.0 = Debug|Any CPU
		{901B8548-FB0A-438B-B2B9-905482CC2B12}.Release|Any CPU.ActiveCfg = Release|Any CPU
		{901B8548-FB0A-438B-B2B9-905482CC2B12}.Release|Any CPU.Build.0 = Release|Any CPU
	EndGlobalSection
	GlobalSection(SolutionProperties) = preSolution
		HideSolutionNode = FALSE
	EndGlobalSection
	GlobalSection(ExtensibilityGlobals) = postSolution
		SolutionGuid = {0C878281-940C-4049-A711-F30B2CC1B7C1}
	EndGlobalSection
EndGlobal
